
Microsoft Visual Studio Solution File, Format Version 12.00
# Visual Studio Version 17
VisualStudioVersion = 17.11.35327.3
MinimumVisualStudioVersion = 10.0.40219.1
Project("{FAE04EC0-301F-11D3-BF4B-00C04F79EFBC}") = "LegenceASDT2", "LegenceASDT2\LegenceASDT2.csproj", "{BEBDD003-98FA-4435-9687-ADD8621DC30F}"
EndProject
Project("{FAE04EC0-301F-11D3-BF4B-00C04F79EFBC}") = "LegenceASDT2Web", "LegenceASDT2Web\LegenceASDT2Web.csproj", "{2F01A882-DACF-4580-928E-DC6B2A7D8921}"
EndProject
Global
	GlobalSection(SolutionConfigurationPlatforms) = preSolution
		Debug|Any CPU = Debug|Any CPU
		Release|Any CPU = Release|Any CPU
	EndGlobalSection
	GlobalSection(ProjectConfigurationPlatforms) = postSolution
		{BEBDD003-98FA-4435-9687-ADD8621DC30F}.Debug|Any CPU.ActiveCfg = Debug|Any CPU
		{BEBDD003-98FA-4435-9687-ADD8621DC30F}.Debug|Any CPU.Build.0 = Debug|Any CPU
		{BEBDD003-98FA-4435-9687-ADD8621DC30F}.Debug|Any CPU.Deploy.0 = Debug|Any CPU
		{BEBDD003-98FA-4435-9687-ADD8621DC30F}.Release|Any CPU.ActiveCfg = Release|Any CPU
		{BEBDD003-98FA-4435-9687-ADD8621DC30F}.Release|Any CPU.Build.0 = Release|Any CPU
		{BEBDD003-98FA-4435-9687-ADD8621DC30F}.Release|Any CPU.Deploy.0 = Release|Any CPU
		{2F01A882-DACF-4580-928E-DC6B2A7D8921}.Debug|Any CPU.ActiveCfg = Debug|Any CPU
		{2F01A882-DACF-4580-928E-DC6B2A7D8921}.Debug|Any CPU.Build.0 = Debug|Any CPU
		{2F01A882-DACF-4580-928E-DC6B2A7D8921}.Release|Any CPU.ActiveCfg = Release|Any CPU
		{2F01A882-DACF-4580-928E-DC6B2A7D8921}.Release|Any CPU.Build.0 = Release|Any CPU
	EndGlobalSection
	GlobalSection(SolutionProperties) = preSolution
		HideSolutionNode = FALSE
	EndGlobalSection
	GlobalSection(ExtensibilityGlobals) = postSolution
		SolutionGuid = {C7D201B5-1B5E-4678-8EA9-6A17F6F0CF23}
	EndGlobalSection
EndGlobal
